PODS:
  - AMap3DMap (6.6.0):
    - AMapFoundation (~> 1.5)
  - amap_base (0.1.8):
    - AMapLocation
    - AMapNavi
    - AMapSearch
    - Flutter
    - MJExtension
  - AMapFoundation (1.5.6)
  - AMapLocation (2.6.1):
    - AMapFoundation (~> 1.4)
  - AMapNavi (6.5.0):
    - AMap3DMap (~> 6.4)
    - AMapFoundation (~> 1.5)
  - AMapSearch (6.6.0):
    - AMapFoundation (~> 1.4)
  - connectivity (0.0.1):
    - Flutter
    - Reachability
  - Flutter (1.0.0)
  - flutter_statusbar (0.0.1):
    - Flutter
  - fluttertoast (0.0.2):
    - Flutter
  - FMDB (2.7.5):
    - FMDB/standard (= 2.7.5)
  - FMDB/standard (2.7.5)
  - image_picker (0.0.1):
    - Flutter
  - JCore (1.2.6)
  - JPush (3.1.2):
    - JCore (~> 1.2.6)
  - jpush_flutter (0.0.2):
    - Flutter
    - JPush
  - MJExtension (3.0.15.1)
  - mob_sharesdk (4.2.1.1):
    - mob_sharesdk/ShareSDK (= 4.2.1.1)
    - MOBFoundation
  - mob_sharesdk/ShareSDK (4.2.1.1):
    - MOBFoundation
  - mob_sharesdk/ShareSDKPlatforms/Facebook (4.2.1.1):
    - mob_sharesdk/ShareSDK
    - MOBFoundation
  - mob_sharesdk/ShareSDKPlatforms/QQ (4.2.1.1):
    - mob_sharesdk/ShareSDK
    - MOBFoundation
  - mob_sharesdk/ShareSDKPlatforms/SinaWeibo (4.2.1.1):
    - mob_sharesdk/ShareSDK
    - MOBFoundation
  - mob_sharesdk/ShareSDKPlatforms/Twitter (4.2.1.1):
    - mob_sharesdk/ShareSDK
    - MOBFoundation
  - mob_sharesdk/ShareSDKPlatforms/WeChat (4.2.1.1):
    - mob_sharesdk/ShareSDK
    - MOBFoundation
  - mob_sharesdk/ShareSDKUI (4.2.1.1):
    - mob_sharesdk/ShareSDK
    - MOBFoundation
  - MOBFoundation (3.2.1)
  - package_info (0.0.1):
    - Flutter
  - permission_handler (3.0.0):
    - Flutter
  - Reachability (3.2)
  - shared_preferences (0.0.1):
    - Flutter
  - sharesdk (0.0.1):
    - Flutter
    - mob_sharesdk
    - mob_sharesdk/ShareSDKPlatforms/Facebook
    - mob_sharesdk/ShareSDKPlatforms/QQ
    - mob_sharesdk/ShareSDKPlatforms/SinaWeibo
    - mob_sharesdk/ShareSDKPlatforms/Twitter
    - mob_sharesdk/ShareSDKPlatforms/WeChat
    - mob_sharesdk/ShareSDKUI
  - sqflite (0.0.1):
    - Flutter
    - FMDB (~> 2.7.2)
  - webview_flutter (0.0.1):
    - Flutter
  - xservice_kit (0.0.1):
    - Flutter

DEPENDENCIES:
  - amap_base (from `.symlinks/plugins/amap_base/ios`)
  - connectivity (from `.symlinks/plugins/connectivity/ios`)
  - Flutter (from `.symlinks/flutter/ios`)
  - flutter_statusbar (from `.symlinks/plugins/flutter_statusbar/ios`)
  - fluttertoast (from `.symlinks/plugins/fluttertoast/ios`)
  - image_picker (from `.symlinks/plugins/image_picker/ios`)
  - jpush_flutter (from `.symlinks/plugins/jpush_flutter/ios`)
  - package_info (from `.symlinks/plugins/package_info/ios`)
  - permission_handler (from `.symlinks/plugins/permission_handler/ios`)
  - shared_preferences (from `.symlinks/plugins/shared_preferences/ios`)
  - sharesdk (from `.symlinks/plugins/sharesdk/ios`)
  - sqflite (from `.symlinks/plugins/sqflite/ios`)
  - webview_flutter (from `.symlinks/plugins/webview_flutter/ios`)
  - xservice_kit (from `.symlinks/plugins/xservice_kit/ios`)

SPEC REPOS:
  https://github.com/cocoapods/specs.git:
    - AMap3DMap
    - AMapFoundation
    - AMapLocation
    - AMapNavi
    - AMapSearch
    - FMDB
    - JCore
    - JPush
    - MJExtension
    - mob_sharesdk
    - MOBFoundation
    - Reachability

EXTERNAL SOURCES:
  amap_base:
    :path: ".symlinks/plugins/amap_base/ios"
  connectivity:
    :path: ".symlinks/plugins/connectivity/ios"
  Flutter:
    :path: ".symlinks/flutter/ios"
  flutter_statusbar:
    :path: ".symlinks/plugins/flutter_statusbar/ios"
  fluttertoast:
    :path: ".symlinks/plugins/fluttertoast/ios"
  image_picker:
    :path: ".symlinks/plugins/image_picker/ios"
  jpush_flutter:
    :path: ".symlinks/plugins/jpush_flutter/ios"
  package_info:
    :path: ".symlinks/plugins/package_info/ios"
  permission_handler:
    :path: ".symlinks/plugins/permission_handler/ios"
  shared_preferences:
    :path: ".symlinks/plugins/shared_preferences/ios"
  sharesdk:
    :path: ".symlinks/plugins/sharesdk/ios"
  sqflite:
    :path: ".symlinks/plugins/sqflite/ios"
  webview_flutter:
    :path: ".symlinks/plugins/webview_flutter/ios"
  xservice_kit:
    :path: ".symlinks/plugins/xservice_kit/ios"

SPEC CHECKSUMS:
  AMap3DMap: 37425c7d47420cbfaee88328be3dc3781814b999
  amap_base: 00f37acf64d3e55cf7bcdd350a93f2b04d696f6f
  AMapFoundation: 20fce2a12cd152e1092afdd04379cdac21932185
  AMapLocation: cf024b53dc03663efb4ea4bcce27d4cce58bb97a
  AMapNavi: b3084406c074bdc2f6f6e80474fa6aa80f4ec0d0
  AMapSearch: def5983c8ca1a6d7430970046dc814f6e337621d
  connectivity: d5992e3758d68b1c4b12d6e012fe0813f1aa1645
  Flutter: 9d0fac939486c9aba2809b7982dfdbb47a7b0296
  flutter_statusbar: a563eb9416256f17660646aceb2314b113127da9
  fluttertoast: 0a20dcbbb8ecfd1a61b6285651ff2d5989d033fb
  FMDB: 2ce00b547f966261cd18927a3ddb07cb6f3db82a
  image_picker: 86b84c4fe89267356a1f17297a45b5d317ebd2e7
  JCore: cae516dd2bf1a73b578ce6e1065abd49e709e0f7
  JPush: d0cead70ba223a6a3b52749899ebda830dfbc49a
  jpush_flutter: 1cc882286b5cac7a307a635fbd2a7c296730ca59
  MJExtension: 19bc33ce2eee2d319760f5622562cf581a6ff756
  mob_sharesdk: 78dbad90fdb227017c27097be9090180da4b042a
  MOBFoundation: ce2ba976fd435b0cb06897466b2746e639895b7d
  package_info: d7c98b64f60add4c2908b9d94d82a45d3c8827ad
  permission_handler: 03dcf3ade9d5f398b8854b366cb9de718d3daa76
  Reachability: 33e18b67625424e47b6cde6d202dce689ad7af96
  shared_preferences: 5a1d487c427ee18fcd3ea1f2a131569481834b53
  sharesdk: dc69ef855c237227a575efebc71fe2132c35df01
  sqflite: d1612813fa7db7c667bed9f1d1b508deffc56999
  webview_flutter: 9bd234c07e99632356cba112df56fd1d47d6b6e3
  xservice_kit: a86c64372b3e41e7d8e9b1a0b9139866680f525c

PODFILE CHECKSUM: 2722bdda3c9185812d22e47d32127be65435fd03

COCOAPODS: 1.5.3
